
Microsoft Visual Studio Solution File, Format Version 12.00
# Visual Studio 2012
Project("{FAE04EC0-301F-11D3-BF4B-00C04F79EFBC}") = "PS4 Icons.CSharp", "PS4 Icons.CSharp.csproj", "{BE4FE9FA-D44B-0559-B1F3-A486945D5AE3}"
EndProject
Global
	GlobalSection(SolutionConfigurationPlatforms) = preSolution
		Debug|Any CPU = Debug|Any CPU
		Release|Any CPU = Release|Any CPU
	EndGlobalSection
	GlobalSection(ProjectConfigurationPlatforms) = postSolution
		{BE4FE9FA-D44B-0559-B1F3-A486945D5AE3}.Debug|Any CPU.ActiveCfg = Debug|Any CPU
		{BE4FE9FA-D44B-0559-B1F3-A486945D5AE3}.Debug|Any CPU.Build.0 = Debug|Any CPU
		{BE4FE9FA-D44B-0559-B1F3-A486945D5AE3}.Release|Any CPU.ActiveCfg = Release|Any CPU
		{BE4FE9FA-D44B-0559-B1F3-A486945D5AE3}.Release|Any CPU.Build.0 = Release|Any CPU
	EndGlobalSection
	GlobalSection(SolutionProperties) = preSolution
		HideSolutionNode = FALSE
	EndGlobalSection
EndGlobal
